# THIS IS AN AUTOGENERATED FILE. DO NOT EDIT THIS FILE DIRECTLY.
# yarn lockfile v1


async@^2.1.2:
  version "2.1.4"
  resolved "https://registry.yarnpkg.com/async/-/async-2.1.4.tgz#2d2160c7788032e4dd6cbe2502f1f9a2c8f6cde4"
  dependencies:
    lodash "^4.14.0"

bluebird@^3.4.6:
  version "3.4.6"
  resolved "https://registry.yarnpkg.com/bluebird/-/bluebird-3.4.6.tgz#01da8d821d87813d158967e743d5fe6c62cf8c0f"

cli-spinner@^0.2.5:
  version "0.2.5"
  resolved "https://registry.yarnpkg.com/cli-spinner/-/cli-spinner-0.2.5.tgz#bea48d233bab5d30c2d214ebfb0aa1a2fac55447"

colors@^1.1.2:
  version "1.1.2"
  resolved "https://registry.yarnpkg.com/colors/-/colors-1.1.2.tgz#168a4701756b6a7f51a12ce0c97bfa28c084ed63"

homedir@^0.6.0:
  version "0.6.0"
  resolved "https://registry.yarnpkg.com/homedir/-/homedir-0.6.0.tgz#2b21db66bf08a6db38249a3eff52d7d18706af1e"

lodash@^4.14.0:
  version "4.17.2"
  resolved "https://registry.yarnpkg.com/lodash/-/lodash-4.17.2.tgz#34a3055babe04ce42467b607d700072c7ff6bf42"

node-cmd@^1.1.1:
  version "1.1.1"
  resolved "https://registry.yarnpkg.com/node-cmd/-/node-cmd-1.1.1.tgz#9c6159d36e6b35b59ec4ab40840d26ab14a9806d"
